
Microsoft Visual Studio Solution File, Format Version 12.00
# Visual Studio Version 16
VisualStudioVersion = 16.0.30309.148
MinimumVisualStudioVersion = 10.0.40219.1
Project("{FAE04EC0-301F-11D3-BF4B-00C04F79EFBC}") = "oefeniningen17-08-2020", "oefeniningen17-08-2020\oefeniningen17-08-2020.csproj", "{743738EB-E7F1-408E-B57B-851D3715F784}"
EndProject
Global
	GlobalSection(SolutionConfigurationPlatforms) = preSolution
		Debug|Any CPU = Debug|Any CPU
		Release|Any CPU = Release|Any CPU
	EndGlobalSection
	GlobalSection(ProjectConfigurationPlatforms) = postSolution
		{743738EB-E7F1-408E-B57B-851D3715F784}.Debug|Any CPU.ActiveCfg = Debug|Any CPU
		{743738EB-E7F1-408E-B57B-851D3715F784}.Debug|Any CPU.Build.0 = Debug|Any CPU
		{743738EB-E7F1-408E-B57B-851D3715F784}.Release|Any CPU.ActiveCfg = Release|Any CPU
		{743738EB-E7F1-408E-B57B-851D3715F784}.Release|Any CPU.Build.0 = Release|Any CPU
	EndGlobalSection
	GlobalSection(SolutionProperties) = preSolution
		HideSolutionNode = FALSE
	EndGlobalSection
	GlobalSection(ExtensibilityGlobals) = postSolution
		SolutionGuid = {F7E69683-13EA-499A-90B2-1CE70CE231EF}
	EndGlobalSection
EndGlobal
